{
  "name": "AI tutor",
  "lockfileVersion": 3,
  "requires": true,
  "packages": {
    "": {
      "dependencies": {
        "wawa-lipsync": "^0.0.1"
      }
    },
    "node_modules/wawa-lipsync": {
      "version": "0.0.1",
      "resolved": "https://registry.npmjs.org/wawa-lipsync/-/wawa-lipsync-0.0.1.tgz",
      "integrity": "sha512-4ynJX3LcztOi1vvnfzxxXiqewYxd1teY2EpQ+YfOT8T0WvUXlRouJ15gaBXabFe8eHq2EB8C5X5aGYxrNM1Daw==",
      "license": "MIT"
    }
  }
}
